
Microsoft Visual Studio Solution File, Format Version 12.00
# Visual Studio Version 16
VisualStudioVersion = 16.0.32413.511
MinimumVisualStudioVersion = 10.0.40219.1
Project("{FAE04EC0-301F-11D3-BF4B-00C04F79EFBC}") = "HRIS", "HRIS\HRIS.csproj", "{DEF1F29B-5872-4F50-9696-277383D477F0}"
EndProject
Global
	GlobalSection(SolutionConfigurationPlatforms) = preSolution
		Debug|Any CPU = Debug|Any CPU
		Release|Any CPU = Release|Any CPU
	EndGlobalSection
	GlobalSection(ProjectConfigurationPlatforms) = postSolution
		{DEF1F29B-5872-4F50-9696-277383D477F0}.Debug|Any CPU.ActiveCfg = Debug|Any CPU
		{DEF1F29B-5872-4F50-9696-277383D477F0}.Debug|Any CPU.Build.0 = Debug|Any CPU
		{DEF1F29B-5872-4F50-9696-277383D477F0}.Release|Any CPU.ActiveCfg = Release|Any CPU
		{DEF1F29B-5872-4F50-9696-277383D477F0}.Release|Any CPU.Build.0 = Release|Any CPU
	EndGlobalSection
	GlobalSection(SolutionProperties) = preSolution
		HideSolutionNode = FALSE
	EndGlobalSection
	GlobalSection(ExtensibilityGlobals) = postSolution
		SolutionGuid = {1B57454D-EF05-4B51-AB4F-33D71766AF1A}
	EndGlobalSection
EndGlobal
